<?xml version="1.0" encoding="utf-8"?>
<Project ToolsVersion="4.0" xmlns="http://schemas.microsoft.com/developer/msbuild/2003">
  <ItemGroup>
    <Filter Include="Engine">
      <UniqueIdentifier>{09c6eaa7-f855-4bf6-9d2e-071265687668}</UniqueIdentifier>
    </Filter>
    <Filter Include="Engine\Main">
      <UniqueIdentifier>{5e53867d-9be8-4156-81d0-1421a980216c}</UniqueIdentifier>
    </Filter>
    <Filter Include="Engine\GameObjects">
      <UniqueIdentifier>{4b82f504-d5ef-4ded-ac8d-d8eb509431c4}</UniqueIdentifier>
    </Filter>
    <Filter Include="Engine\Components">
      <UniqueIdentifier>{10fb9735-3132-4e42-93ea-ffb3b7cda50e}</UniqueIdentifier>
    </Filter>
    <Filter Include="Engine\Components\Transforms">
      <UniqueIdentifier>{a16bcb19-8d90-483a-b7a0-c21865286762}</UniqueIdentifier>
    </Filter>
    <Filter Include="Engine\Scenes">
      <UniqueIdentifier>{8ced0c62-b0f1-4e31-9754-8435664ac809}</UniqueIdentifier>
    </Filter>
    <Filter Include="Engine\Helpers">
      <UniqueIdentifier>{ef2f8a23-e129-4f9e-a527-25c86bcbe522}</UniqueIdentifier>
    </Filter>
    <Filter Include="Engine\config">
      <UniqueIdentifier>{028e6109-9530-4387-b9c0-14086209559e}</UniqueIdentifier>
    </Filter>
    <Filter Include="Engine\Components\Renderers">
      <UniqueIdentifier>{077d3bfb-5484-450e-8abe-67fd24edf3f5}</UniqueIdentifier>
    </Filter>
    <Filter Include="Engine\API">
      <UniqueIdentifier>{02d90e05-6641-477a-9982-2b46b8acba1c}</UniqueIdentifier>
    </Filter>
    <Filter Include="Engine\Components\Behaviours">
      <UniqueIdentifier>{970826a2-7f24-40b4-a864-ce381166732b}</UniqueIdentifier>
    </Filter>
    <Filter Include="Engine\Components\Colliders">
      <UniqueIdentifier>{93efe494-1ed1-40d7-a9ec-beaea177817d}</UniqueIdentifier>
    </Filter>
    <Filter Include="Engine\Helpers\Audio">
      <UniqueIdentifier>{5d6af25b-67d6-4416-bc94-042b32a7092e}</UniqueIdentifier>
    </Filter>
  </ItemGroup>
  <ItemGroup>
    <ClCompile Include="Engine\Engine.cpp">
      <Filter>Engine\Main</Filter>
    </ClCompile>
    <ClCompile Include="Engine\globals.cpp">
      <Filter>Engine\Main</Filter>
    </ClCompile>
    <ClCompile Include="Engine\main.cpp">
      <Filter>Engine\Main</Filter>
    </ClCompile>
    <ClCompile Include="Engine\SceneManager.cpp">
      <Filter>Engine\Scenes</Filter>
    </ClCompile>
    <ClCompile Include="Engine\Vector2.cpp">
      <Filter>Engine\Helpers</Filter>
    </ClCompile>
    <ClCompile Include="Engine\ReferenceBase.cpp">
      <Filter>Engine\Helpers</Filter>
    </ClCompile>
    <ClCompile Include="Engine\GameObjectsManager.cpp">
      <Filter>Engine\GameObjects</Filter>
    </ClCompile>
    <ClCompile Include="Engine\GameObject.cpp">
      <Filter>Engine\GameObjects</Filter>
    </ClCompile>
    <ClCompile Include="Engine\Component.cpp">
      <Filter>Engine\Components</Filter>
    </ClCompile>
    <ClCompile Include="Engine\Transform.cpp">
      <Filter>Engine\Components\Transforms</Filter>
    </ClCompile>
    <ClCompile Include="Engine\ComponentsManager.cpp">
      <Filter>Engine\Components</Filter>
    </ClCompile>
    <ClCompile Include="Engine\ComponentManager.cpp">
      <Filter>Engine\Components</Filter>
    </ClCompile>
    <ClCompile Include="Engine\InputController.cpp">
      <Filter>Engine\Helpers</Filter>
    </ClCompile>
    <ClCompile Include="Engine\TimeController.cpp">
      <Filter>Engine\Helpers</Filter>
    </ClCompile>
    <ClCompile Include="Engine\gameConfig.cpp">
      <Filter>Engine\config</Filter>
    </ClCompile>
    <ClCompile Include="Engine\Renderer.cpp">
      <Filter>Engine\Components\Renderers</Filter>
    </ClCompile>
    <ClCompile Include="Engine\RenderersManager.cpp">
      <Filter>Engine\Components\Renderers</Filter>
    </ClCompile>
    <ClCompile Include="Engine\API.cpp">
      <Filter>Engine\API</Filter>
    </ClCompile>
    <ClCompile Include="Engine\Behaviour.cpp">
      <Filter>Engine\Components\Behaviours</Filter>
    </ClCompile>
    <ClCompile Include="Engine\BehavioursManager.cpp">
      <Filter>Engine\Components\Behaviours</Filter>
    </ClCompile>
    <ClCompile Include="Engine\Sprite.cpp">
      <Filter>Engine\Components\Renderers</Filter>
    </ClCompile>
    <ClCompile Include="Engine\SpriteRenderer.cpp">
      <Filter>Engine\Components\Renderers</Filter>
    </ClCompile>
    <ClCompile Include="Engine\SpriteSheet.cpp">
      <Filter>Engine\Components\Renderers</Filter>
    </ClCompile>
    <ClCompile Include="Engine\Collider.cpp">
      <Filter>Engine\Components\Colliders</Filter>
    </ClCompile>
    <ClCompile Include="Engine\CollidersManager.cpp">
      <Filter>Engine\Components\Colliders</Filter>
    </ClCompile>
    <ClCompile Include="Engine\RectangleCollider.cpp">
      <Filter>Engine\Components\Colliders</Filter>
    </ClCompile>
    <ClCompile Include="Engine\TriggerCollisionCache.cpp">
      <Filter>Engine\Components\Colliders</Filter>
    </ClCompile>
    <ClCompile Include="Engine\CircleCollider.cpp">
      <Filter>Engine\Components\Colliders</Filter>
    </ClCompile>
    <ClCompile Include="Engine\engineUtils.cpp">
      <Filter>Engine\Helpers</Filter>
    </ClCompile>
    <ClCompile Include="Engine\AudioController.cpp">
      <Filter>Engine\Helpers</Filter>
    </ClCompile>
  </ItemGroup>
  <ItemGroup>
    <ClInclude Include="Engine\Engine.h">
      <Filter>Engine\Main</Filter>
    </ClInclude>
    <ClInclude Include="Engine\globals.h">
      <Filter>Engine\Main</Filter>
    </ClInclude>
    <ClInclude Include="Engine\SceneManager.h">
      <Filter>Engine\Scenes</Filter>
    </ClInclude>
    <ClInclude Include="Engine\Scene.h">
      <Filter>Engine\Scenes</Filter>
    </ClInclude>
    <ClInclude Include="Engine\Vector2.h">
      <Filter>Engine\Helpers</Filter>
    </ClInclude>
    <ClInclude Include="Engine\ComponentType.h">
      <Filter>Engine\Components</Filter>
    </ClInclude>
    <ClInclude Include="Engine\Reference.h">
      <Filter>Engine\Helpers</Filter>
    </ClInclude>
    <ClInclude Include="Engine\ReferenceBase.h">
      <Filter>Engine\Helpers</Filter>
    </ClInclude>
    <ClInclude Include="Engine\ReferenceOwner.h">
      <Filter>Engine\Helpers</Filter>
    </ClInclude>
    <ClInclude Include="Engine\GameObjectsManager.h">
      <Filter>Engine\GameObjects</Filter>
    </ClInclude>
    <ClInclude Include="Engine\GameObject.h">
      <Filter>Engine\GameObjects</Filter>
    </ClInclude>
    <ClInclude Include="Engine\Component.h">
      <Filter>Engine\Components</Filter>
    </ClInclude>
    <ClInclude Include="Engine\Transform.h">
      <Filter>Engine\Components\Transforms</Filter>
    </ClInclude>
    <ClInclude Include="Engine\ComponentsManager.h">
      <Filter>Engine\Components</Filter>
    </ClInclude>
    <ClInclude Include="Engine\ComponentManager.h">
      <Filter>Engine\Components</Filter>
    </ClInclude>
    <ClInclude Include="Engine\TimeController.h">
      <Filter>Engine\Helpers</Filter>
    </ClInclude>
    <ClInclude Include="Engine\InputController.h">
      <Filter>Engine\Helpers</Filter>
    </ClInclude>
    <ClInclude Include="Engine\gameConfig.h">
      <Filter>Engine\config</Filter>
    </ClInclude>
    <ClInclude Include="Engine\RenderersManager.h">
      <Filter>Engine\Components\Renderers</Filter>
    </ClInclude>
    <ClInclude Include="Engine\Renderer.h">
      <Filter>Engine\Components\Renderers</Filter>
    </ClInclude>
    <ClInclude Include="Engine\API.h">
      <Filter>Engine\API</Filter>
    </ClInclude>
    <ClInclude Include="Engine\BehavioursManager.h">
      <Filter>Engine\Components\Behaviours</Filter>
    </ClInclude>
    <ClInclude Include="Engine\Behaviour.h">
      <Filter>Engine\Components\Behaviours</Filter>
    </ClInclude>
    <ClInclude Include="Engine\Sprite.h">
      <Filter>Engine\Components\Renderers</Filter>
    </ClInclude>
    <ClInclude Include="Engine\SpriteRenderer.h">
      <Filter>Engine\Components\Renderers</Filter>
    </ClInclude>
    <ClInclude Include="Engine\SpriteSheet.h">
      <Filter>Engine\Components\Renderers</Filter>
    </ClInclude>
    <ClInclude Include="Engine\CircleCollider.h">
      <Filter>Engine\Components\Colliders</Filter>
    </ClInclude>
    <ClInclude Include="Engine\Collider.h">
      <Filter>Engine\Components\Colliders</Filter>
    </ClInclude>
    <ClInclude Include="Engine\CollidersManager.h">
      <Filter>Engine\Components\Colliders</Filter>
    </ClInclude>
    <ClInclude Include="Engine\CollisionInfo.h">
      <Filter>Engine\Components\Colliders</Filter>
    </ClInclude>
    <ClInclude Include="Engine\RectangleCollider.h">
      <Filter>Engine\Components\Colliders</Filter>
    </ClInclude>
    <ClInclude Include="Engine\TriggerCollisionCache.h">
      <Filter>Engine\Components\Colliders</Filter>
    </ClInclude>
    <ClInclude Include="Engine\Prefab.h">
      <Filter>Engine\GameObjects</Filter>
    </ClInclude>
    <ClInclude Include="Engine\PrefabsFactory.h">
      <Filter>Engine\GameObjects</Filter>
    </ClInclude>
    <ClInclude Include="Engine\engineUtils.h">
      <Filter>Engine\Helpers</Filter>
    </ClInclude>
    <ClInclude Include="Engine\ColliderType.h">
      <Filter>Engine\Components\Colliders</Filter>
    </ClInclude>
    <ClInclude Include="Engine\AudioController.h">
      <Filter>Engine\Helpers</Filter>
    </ClInclude>
    <ClInclude Include="Engine\SFX.h">
      <Filter>Engine\Helpers\Audio</Filter>
    </ClInclude>
    <ClInclude Include="Engine\Music.h">
      <Filter>Engine\Helpers\Audio</Filter>
    </ClInclude>
  </ItemGroup>
</Project>